
Microsoft Visual Studio Solution File, Format Version 12.00
# Visual Studio 15
VisualStudioVersion = 15.0.27703.2026
MinimumVisualStudioVersion = 10.0.40219.1
Project("{FAE04EC0-301F-11D3-BF4B-00C04F79EFBC}") = "StoryGenerator", "StoryGenerator\StoryGenerator.csproj", "{2AB9403B-F7DD-4B9D-8219-C450E059F65C}"
EndProject
Global
	GlobalSection(SolutionConfigurationPlatforms) = preSolution
		Debug|Any CPU = Debug|Any CPU
		Release|Any CPU = Release|Any CPU
	EndGlobalSection
	GlobalSection(ProjectConfigurationPlatforms) = postSolution
		{2AB9403B-F7DD-4B9D-8219-C450E059F65C}.Debug|Any CPU.ActiveCfg = Debug|Any CPU
		{2AB9403B-F7DD-4B9D-8219-C450E059F65C}.Debug|Any CPU.Build.0 = Debug|Any CPU
		{2AB9403B-F7DD-4B9D-8219-C450E059F65C}.Release|Any CPU.ActiveCfg = Release|Any CPU
		{2AB9403B-F7DD-4B9D-8219-C450E059F65C}.Release|Any CPU.Build.0 = Release|Any CPU
	EndGlobalSection
	GlobalSection(SolutionProperties) = preSolution
		HideSolutionNode = FALSE
	EndGlobalSection
	GlobalSection(ExtensibilityGlobals) = postSolution
		SolutionGuid = {F487D368-A638-4DD2-82F6-90D2514B8751}
	EndGlobalSection
EndGlobal
