
Microsoft Visual Studio Solution File, Format Version 12.00
# Visual Studio 14
VisualStudioVersion = 14.0.24720.0
MinimumVisualStudioVersion = 10.0.40219.1
Project("{FAE04EC0-301F-11D3-BF4B-00C04F79EFBC}") = "ServerClientProject", "ServerClientProject\ServerClientProject.csproj", "{9CE91216-73F0-4164-837C-C1C9908A38DD}"
EndProject
Project("{FAE04EC0-301F-11D3-BF4B-00C04F79EFBC}") = "SierpinskiTriangleProject", "SierpinskiTriangleProject\SierpinskiTriangleProject.csproj", "{0D5B2120-5974-4939-B156-47846A897F37}"
EndProject
Project("{FAE04EC0-301F-11D3-BF4B-00C04F79EFBC}") = "Sudoko", "Sudoko\Sudoko.csproj", "{FEC85AB9-5E6D-4B12-BF2C-AE1F8777C4DB}"
EndProject
Project("{FAE04EC0-301F-11D3-BF4B-00C04F79EFBC}") = "ImageManipulationProject", "ImageManipulationProject\ImageManipulationProject.csproj", "{10C7C0B3-BE6B-4B08-B9F0-4276E9E90E9E}"
EndProject
Project("{FAE04EC0-301F-11D3-BF4B-00C04F79EFBC}") = "MariasCMDProgram", "MariasCMDProgram\MariasCMDProgram.csproj", "{41BF0137-F54C-4B59-8E84-6601EB2EF8F1}"
EndProject
Project("{2150E333-8FDC-42A3-9474-1A3956D46DE8}") = "PingPong", "PingPong", "{A22816BC-BAB3-459C-9865-E19B296C8ED9}"
EndProject
Project("{FAE04EC0-301F-11D3-BF4B-00C04F79EFBC}") = "PingPongClient", "PingPongClient\PingPongClient.csproj", "{FD7450A7-81A2-4CF1-92AB-935CFD36EF94}"
EndProject
Project("{FAE04EC0-301F-11D3-BF4B-00C04F79EFBC}") = "PingPongServer", "PingPongServer\PingPongServer.csproj", "{EA098FE7-4329-4947-AACF-7B802D71D84D}"
EndProject
Project("{FAE04EC0-301F-11D3-BF4B-00C04F79EFBC}") = "PingPongCommon", "PingPongCommon\PingPongCommon.csproj", "{9FB32F67-10EB-49BC-B8D9-8F87C64B48D9}"
EndProject
Project("{8BB2217D-0F2D-49D1-97BC-3654ED321F3B}") = "AspNet5WebAPI", "AspNet5WebAPI\AspNet5WebAPI.xproj", "{8B384FFF-6117-47E9-8812-99CCA3E24B8C}"
EndProject
Global
	GlobalSection(SolutionConfigurationPlatforms) = preSolution
		Debug|Any CPU = Debug|Any CPU
		Release|Any CPU = Release|Any CPU
	EndGlobalSection
	GlobalSection(ProjectConfigurationPlatforms) = postSolution
		{9CE91216-73F0-4164-837C-C1C9908A38DD}.Debug|Any CPU.ActiveCfg = Debug|Any CPU
		{9CE91216-73F0-4164-837C-C1C9908A38DD}.Debug|Any CPU.Build.0 = Debug|Any CPU
		{9CE91216-73F0-4164-837C-C1C9908A38DD}.Release|Any CPU.ActiveCfg = Release|Any CPU
		{9CE91216-73F0-4164-837C-C1C9908A38DD}.Release|Any CPU.Build.0 = Release|Any CPU
		{0D5B2120-5974-4939-B156-47846A897F37}.Debug|Any CPU.ActiveCfg = Debug|Any CPU
		{0D5B2120-5974-4939-B156-47846A897F37}.Debug|Any CPU.Build.0 = Debug|Any CPU
		{0D5B2120-5974-4939-B156-47846A897F37}.Release|Any CPU.ActiveCfg = Release|Any CPU
		{0D5B2120-5974-4939-B156-47846A897F37}.Release|Any CPU.Build.0 = Release|Any CPU
		{FEC85AB9-5E6D-4B12-BF2C-AE1F8777C4DB}.Debug|Any CPU.ActiveCfg = Debug|Any CPU
		{FEC85AB9-5E6D-4B12-BF2C-AE1F8777C4DB}.Debug|Any CPU.Build.0 = Debug|Any CPU
		{FEC85AB9-5E6D-4B12-BF2C-AE1F8777C4DB}.Release|Any CPU.ActiveCfg = Release|Any CPU
		{FEC85AB9-5E6D-4B12-BF2C-AE1F8777C4DB}.Release|Any CPU.Build.0 = Release|Any CPU
		{10C7C0B3-BE6B-4B08-B9F0-4276E9E90E9E}.Debug|Any CPU.ActiveCfg = Debug|Any CPU
		{10C7C0B3-BE6B-4B08-B9F0-4276E9E90E9E}.Debug|Any CPU.Build.0 = Debug|Any CPU
		{10C7C0B3-BE6B-4B08-B9F0-4276E9E90E9E}.Release|Any CPU.ActiveCfg = Release|Any CPU
		{10C7C0B3-BE6B-4B08-B9F0-4276E9E90E9E}.Release|Any CPU.Build.0 = Release|Any CPU
		{41BF0137-F54C-4B59-8E84-6601EB2EF8F1}.Debug|Any CPU.ActiveCfg = Debug|Any CPU
		{41BF0137-F54C-4B59-8E84-6601EB2EF8F1}.Debug|Any CPU.Build.0 = Debug|Any CPU
		{41BF0137-F54C-4B59-8E84-6601EB2EF8F1}.Release|Any CPU.ActiveCfg = Release|Any CPU
		{41BF0137-F54C-4B59-8E84-6601EB2EF8F1}.Release|Any CPU.Build.0 = Release|Any CPU
		{FD7450A7-81A2-4CF1-92AB-935CFD36EF94}.Debug|Any CPU.ActiveCfg = Debug|Any CPU
		{FD7450A7-81A2-4CF1-92AB-935CFD36EF94}.Debug|Any CPU.Build.0 = Debug|Any CPU
		{FD7450A7-81A2-4CF1-92AB-935CFD36EF94}.Release|Any CPU.ActiveCfg = Release|Any CPU
		{FD7450A7-81A2-4CF1-92AB-935CFD36EF94}.Release|Any CPU.Build.0 = Release|Any CPU
		{EA098FE7-4329-4947-AACF-7B802D71D84D}.Debug|Any CPU.ActiveCfg = Debug|Any CPU
		{EA098FE7-4329-4947-AACF-7B802D71D84D}.Debug|Any CPU.Build.0 = Debug|Any CPU
		{EA098FE7-4329-4947-AACF-7B802D71D84D}.Release|Any CPU.ActiveCfg = Release|Any CPU
		{EA098FE7-4329-4947-AACF-7B802D71D84D}.Release|Any CPU.Build.0 = Release|Any CPU
		{9FB32F67-10EB-49BC-B8D9-8F87C64B48D9}.Debug|Any CPU.ActiveCfg = Debug|Any CPU
		{9FB32F67-10EB-49BC-B8D9-8F87C64B48D9}.Debug|Any CPU.Build.0 = Debug|Any CPU
		{9FB32F67-10EB-49BC-B8D9-8F87C64B48D9}.Release|Any CPU.ActiveCfg = Release|Any CPU
		{9FB32F67-10EB-49BC-B8D9-8F87C64B48D9}.Release|Any CPU.Build.0 = Release|Any CPU
		{8B384FFF-6117-47E9-8812-99CCA3E24B8C}.Debug|Any CPU.ActiveCfg = Debug|Any CPU
		{8B384FFF-6117-47E9-8812-99CCA3E24B8C}.Debug|Any CPU.Build.0 = Debug|Any CPU
		{8B384FFF-6117-47E9-8812-99CCA3E24B8C}.Release|Any CPU.ActiveCfg = Release|Any CPU
		{8B384FFF-6117-47E9-8812-99CCA3E24B8C}.Release|Any CPU.Build.0 = Release|Any CPU
	EndGlobalSection
	GlobalSection(SolutionProperties) = preSolution
		HideSolutionNode = FALSE
	EndGlobalSection
	GlobalSection(NestedProjects) = preSolution
		{FD7450A7-81A2-4CF1-92AB-935CFD36EF94} = {A22816BC-BAB3-459C-9865-E19B296C8ED9}
		{EA098FE7-4329-4947-AACF-7B802D71D84D} = {A22816BC-BAB3-459C-9865-E19B296C8ED9}
		{9FB32F67-10EB-49BC-B8D9-8F87C64B48D9} = {A22816BC-BAB3-459C-9865-E19B296C8ED9}
	EndGlobalSection
EndGlobal
